PODS:
  - LKUIKit (1.0.1):
    - MBProgressHUD
  - MBProgressHUD (1.1.0)

DEPENDENCIES:
  - LKUIKit (from `../`)

SPEC REPOS:
  https://github.com/CocoaPods/Specs.git:
    - MBProgressHUD

EXTERNAL SOURCES:
  LKUIKit:
    :path: "../"

SPEC CHECKSUMS:
  LKUIKit: abe6db29d91674e73e7ed6aae4268de7e409355f
  MBProgressHUD: e7baa36a220447d8aeb12769bf0585582f3866d9

PODFILE CHECKSUM: 73e784f06d52bb7d89dff1576191f4eefdcbcb78

COCOAPODS: 1.5.0
